{
  "name": "one-link-test",
  "version": "1.0.0",
  "lockfileVersion": 1,
  "requires": true,
  "dependencies": {
    "detect-browser": {
      "version": "3.0.1",
      "resolved": "https://registry.npmjs.org/detect-browser/-/detect-browser-3.0.1.tgz",
      "integrity": "sha512-L6b76EfUxnoxGHM5Vz7nrshQPIbOHtitDWpGufrp5srQdJrEYi1xpUVZeFbfssWAJvUWo/iDIVlz8hOP4Z8OCw=="
    },
    "qs": {
      "version": "6.6.0",
      "resolved": "https://registry.npmjs.org/qs/-/qs-6.6.0.tgz",
      "integrity": "sha512-KIJqT9jQJDQx5h5uAVPimw6yVg2SekOKu959OCtktD3FjzbpvaPr8i4zzg07DOMz+igA4W/aNM7OV8H37pFYfA=="
    }
  }
}
